
Microsoft Visual Studio Solution File, Format Version 12.00
Project("{FAE04EC0-301F-11D3-BF4B-00C04F79EFBC}") = "WhiteCharsForENSURE_BLOCKAllign", "WhiteCharsForENSURE_BLOCKAllign\WhiteCharsForENSURE_BLOCKAllign.csproj", "{9DED2C0F-3349-4B1A-858D-BCA6BE379105}"
EndProject
Global
	GlobalSection(SolutionConfigurationPlatforms) = preSolution
		Debug|Any CPU = Debug|Any CPU
		Release|Any CPU = Release|Any CPU
	EndGlobalSection
	GlobalSection(ProjectConfigurationPlatforms) = postSolution
		{9DED2C0F-3349-4B1A-858D-BCA6BE379105}.Debug|Any CPU.ActiveCfg = Debug|Any CPU
		{9DED2C0F-3349-4B1A-858D-BCA6BE379105}.Debug|Any CPU.Build.0 = Debug|Any CPU
		{9DED2C0F-3349-4B1A-858D-BCA6BE379105}.Release|Any CPU.ActiveCfg = Release|Any CPU
		{9DED2C0F-3349-4B1A-858D-BCA6BE379105}.Release|Any CPU.Build.0 = Release|Any CPU
	EndGlobalSection
EndGlobal
